dependencies:
  idf:
    component_hash: null
    source:
      type: idf
    version: 5.2.0
  protocol_examples_common:
    component_hash: null
    source:
      path: C:\Espressif\frameworks\esp-idf-v5.2\examples\common_components\protocol_examples_common
      type: local
    version: '*'
manifest_hash: a29ed3b1c0eed2e65bf2ed73e271f943ac43581a23540e313b92f74ba540d2cc
target: esp32
version: 1.0.0
